
Microsoft Visual Studio Solution File, Format Version 12.00
# Visual Studio Version 17
VisualStudioVersion = 17.5.33502.453
MinimumVisualStudioVersion = 10.0.40219.1
Project("{FAE04EC0-301F-11D3-BF4B-00C04F79EFBC}") = "SoftwareTestingFinal", "SoftwareTestingFinal\SoftwareTestingFinal.csproj", "{5C32E415-0FB4-459F-A169-6F3A3C49A206}"
EndProject
Global
	GlobalSection(SolutionConfigurationPlatforms) = preSolution
		Debug|Any CPU = Debug|Any CPU
		Release|Any CPU = Release|Any CPU
	EndGlobalSection
	GlobalSection(ProjectConfigurationPlatforms) = postSolution
		{5C32E415-0FB4-459F-A169-6F3A3C49A206}.Debug|Any CPU.ActiveCfg = Debug|Any CPU
		{5C32E415-0FB4-459F-A169-6F3A3C49A206}.Debug|Any CPU.Build.0 = Debug|Any CPU
		{5C32E415-0FB4-459F-A169-6F3A3C49A206}.Release|Any CPU.ActiveCfg = Release|Any CPU
		{5C32E415-0FB4-459F-A169-6F3A3C49A206}.Release|Any CPU.Build.0 = Release|Any CPU
	EndGlobalSection
	GlobalSection(SolutionProperties) = preSolution
		HideSolutionNode = FALSE
	EndGlobalSection
	GlobalSection(ExtensibilityGlobals) = postSolution
		SolutionGuid = {FC2A90A6-D5E2-4E00-8627-9D1EED61FF2D}
	EndGlobalSection
EndGlobal
